
Microsoft Visual Studio Solution File, Format Version 12.00
# Visual Studio Version 17
VisualStudioVersion = 17.1.32414.318
MinimumVisualStudioVersion = 10.0.40219.1
Project("{FAE04EC0-301F-11D3-BF4B-00C04F79EFBC}") = "WebMVC_CRUD", "WebMVC_CRUD\WebMVC_CRUD.csproj", "{C717645E-46CC-40DF-AFF4-CA96F32867C4}"
EndProject
Global
	GlobalSection(SolutionConfigurationPlatforms) = preSolution
		Debug|Any CPU = Debug|Any CPU
		Release|Any CPU = Release|Any CPU
	EndGlobalSection
	GlobalSection(ProjectConfigurationPlatforms) = postSolution
		{C717645E-46CC-40DF-AFF4-CA96F32867C4}.Debug|Any CPU.ActiveCfg = Debug|Any CPU
		{C717645E-46CC-40DF-AFF4-CA96F32867C4}.Debug|Any CPU.Build.0 = Debug|Any CPU
		{C717645E-46CC-40DF-AFF4-CA96F32867C4}.Release|Any CPU.ActiveCfg = Release|Any CPU
		{C717645E-46CC-40DF-AFF4-CA96F32867C4}.Release|Any CPU.Build.0 = Release|Any CPU
	EndGlobalSection
	GlobalSection(SolutionProperties) = preSolution
		HideSolutionNode = FALSE
	EndGlobalSection
	GlobalSection(ExtensibilityGlobals) = postSolution
		SolutionGuid = {DD2685E9-F995-4883-9D45-15B12C29AB76}
	EndGlobalSection
EndGlobal
